
Microsoft Visual Studio Solution File, Format Version 12.00
# Visual Studio Version 17
VisualStudioVersion = 17.4.33205.214
MinimumVisualStudioVersion = 10.0.40219.1
Project("{9A19103F-16F7-4668-BE54-9A1E7A4F7556}") = "DecisionTreeWebAPI", "DecisionTreeWebAPI\DecisionTreeWebAPI.csproj", "{2BC0B92A-BDAE-4C73-B606-ECD76F54AF02}"
EndProject
Global
	GlobalSection(SolutionConfigurationPlatforms) = preSolution
		Debug|Any CPU = Debug|Any CPU
		Release|Any CPU = Release|Any CPU
	EndGlobalSection
	GlobalSection(ProjectConfigurationPlatforms) = postSolution
		{2BC0B92A-BDAE-4C73-B606-ECD76F54AF02}.Debug|Any CPU.ActiveCfg = Debug|Any CPU
		{2BC0B92A-BDAE-4C73-B606-ECD76F54AF02}.Debug|Any CPU.Build.0 = Debug|Any CPU
		{2BC0B92A-BDAE-4C73-B606-ECD76F54AF02}.Release|Any CPU.ActiveCfg = Release|Any CPU
		{2BC0B92A-BDAE-4C73-B606-ECD76F54AF02}.Release|Any CPU.Build.0 = Release|Any CPU
	EndGlobalSection
	GlobalSection(SolutionProperties) = preSolution
		HideSolutionNode = FALSE
	EndGlobalSection
	GlobalSection(ExtensibilityGlobals) = postSolution
		SolutionGuid = {29CF1907-6F40-4FF6-89A6-3463DB351041}
	EndGlobalSection
EndGlobal
